# This file is autogenerated, do not edit; changes may be undone by the next 'dep ensure'.


[[projects]]
  branch = "master"
  name = "golang.org/x/crypto"
  packages = ["sha3"]
  revision = "13931e22f9e72ea58bb73048bc752b48c6d4d4ac"

[solve-meta]
  analyzer-name = "dep"
  analyzer-version = 1
  inputs-digest = "d200b70df7f17cbc36a662c0b19246abfe80bb43414e2d3a20f02b0c3fd575a6"
  solver-name = "gps-cdcl"
  solver-version = 1
